{
  "pins" : [
    {
      "identity" : "kingfisher",
      "kind" : "remoteSourceControl",
      "location" : "https://github.com/onevcat/Kingfisher.git",
      "state" : {
        "revision" : "90135885ef506506620c4911cefb55a95ca2a9a2",
        "version" : "7.5.0"
      }
    },
    {
      "identity" : "progresshud",
      "kind" : "remoteSourceControl",
      "location" : "https://github.com/relatedcode/ProgressHUD",
      "state" : {
        "revision" : "2b80c6f5a091c76a01f080545723f9b0bcf928cd",
        "version" : "13.6.2"
      }
    }
  ],
  "version" : 2
}
